
Microsoft Visual Studio Solution File, Format Version 12.00
# Visual Studio Version 16
VisualStudioVersion = 16.0.30621.155
MinimumVisualStudioVersion = 10.0.40219.1
Project("{8BC9CEB8-8B4A-11D0-8D11-00A0C91BC942}") = "Programming Assignment 6", "Programming Assignment 6\Programming Assignment 6.vcxproj", "{312253AA-F1C0-4D92-A096-A127391FFCDF}"
EndProject
Global
	GlobalSection(SolutionConfigurationPlatforms) = preSolution
		Debug|x64 = Debug|x64
		Debug|x86 = Debug|x86
		Release|x64 = Release|x64
		Release|x86 = Release|x86
	EndGlobalSection
	GlobalSection(ProjectConfigurationPlatforms) = postSolution
		{312253AA-F1C0-4D92-A096-A127391FFCDF}.Debug|x64.ActiveCfg = Debug|x64
		{312253AA-F1C0-4D92-A096-A127391FFCDF}.Debug|x64.Build.0 = Debug|x64
		{312253AA-F1C0-4D92-A096-A127391FFCDF}.Debug|x86.ActiveCfg = Debug|Win32
		{312253AA-F1C0-4D92-A096-A127391FFCDF}.Debug|x86.Build.0 = Debug|Win32
		{312253AA-F1C0-4D92-A096-A127391FFCDF}.Release|x64.ActiveCfg = Release|x64
		{312253AA-F1C0-4D92-A096-A127391FFCDF}.Release|x64.Build.0 = Release|x64
		{312253AA-F1C0-4D92-A096-A127391FFCDF}.Release|x86.ActiveCfg = Release|Win32
		{312253AA-F1C0-4D92-A096-A127391FFCDF}.Release|x86.Build.0 = Release|Win32
	EndGlobalSection
	GlobalSection(SolutionProperties) = preSolution
		HideSolutionNode = FALSE
	EndGlobalSection
	GlobalSection(ExtensibilityGlobals) = postSolution
		SolutionGuid = {2762A932-DCBD-41B7-B5E3-9E269C5B8970}
	EndGlobalSection
EndGlobal
